
Microsoft Visual Studio Solution File, Format Version 12.00
# Visual Studio 14
VisualStudioVersion = 14.0.25420.1
MinimumVisualStudioVersion = 10.0.40219.1
Project("{FAE04EC0-301F-11D3-BF4B-00C04F79EFBC}") = "SamuraiApp.Domain", "SamuraiApp.Domain\SamuraiApp.Domain.csproj", "{E0779E30-4A1E-42B7-B086-270DD8580EC3}"
EndProject
Project("{FAE04EC0-301F-11D3-BF4B-00C04F79EFBC}") = "SamuraiApp.Data", "SamuraiApp.Data\SamuraiApp.Data.csproj", "{83373FDD-7875-4810-8AD7-A73874EDF123}"
EndProject
Project("{FAE04EC0-301F-11D3-BF4B-00C04F79EFBC}") = "Tests", "Tests\Tests.csproj", "{3DA8AB3C-13A9-478B-BAFC-E29050B9FABC}"
EndProject
Project("{FAE04EC0-301F-11D3-BF4B-00C04F79EFBC}") = "SomeUI", "SomeUI\SomeUI.csproj", "{F18D4731-1C27-4CB5-944E-6C1C4ED42F09}"
EndProject
Global
	GlobalSection(SolutionConfigurationPlatforms) = preSolution
		Debug|Any CPU = Debug|Any CPU
		Release|Any CPU = Release|Any CPU
	EndGlobalSection
	GlobalSection(ProjectConfigurationPlatforms) = postSolution
		{E0779E30-4A1E-42B7-B086-270DD8580EC3}.Debug|Any CPU.ActiveCfg = Debug|Any CPU
		{E0779E30-4A1E-42B7-B086-270DD8580EC3}.Debug|Any CPU.Build.0 = Debug|Any CPU
		{E0779E30-4A1E-42B7-B086-270DD8580EC3}.Release|Any CPU.ActiveCfg = Release|Any CPU
		{E0779E30-4A1E-42B7-B086-270DD8580EC3}.Release|Any CPU.Build.0 = Release|Any CPU
		{83373FDD-7875-4810-8AD7-A73874EDF123}.Debug|Any CPU.ActiveCfg = Debug|Any CPU
		{83373FDD-7875-4810-8AD7-A73874EDF123}.Debug|Any CPU.Build.0 = Debug|Any CPU
		{83373FDD-7875-4810-8AD7-A73874EDF123}.Release|Any CPU.ActiveCfg = Release|Any CPU
		{83373FDD-7875-4810-8AD7-A73874EDF123}.Release|Any CPU.Build.0 = Release|Any CPU
		{3DA8AB3C-13A9-478B-BAFC-E29050B9FABC}.Debug|Any CPU.ActiveCfg = Debug|Any CPU
		{3DA8AB3C-13A9-478B-BAFC-E29050B9FABC}.Debug|Any CPU.Build.0 = Debug|Any CPU
		{3DA8AB3C-13A9-478B-BAFC-E29050B9FABC}.Release|Any CPU.ActiveCfg = Release|Any CPU
		{3DA8AB3C-13A9-478B-BAFC-E29050B9FABC}.Release|Any CPU.Build.0 = Release|Any CPU
		{F18D4731-1C27-4CB5-944E-6C1C4ED42F09}.Debug|Any CPU.ActiveCfg = Debug|Any CPU
		{F18D4731-1C27-4CB5-944E-6C1C4ED42F09}.Debug|Any CPU.Build.0 = Debug|Any CPU
		{F18D4731-1C27-4CB5-944E-6C1C4ED42F09}.Release|Any CPU.ActiveCfg = Release|Any CPU
		{F18D4731-1C27-4CB5-944E-6C1C4ED42F09}.Release|Any CPU.Build.0 = Release|Any CPU
	EndGlobalSection
	GlobalSection(SolutionProperties) = preSolution
		HideSolutionNode = FALSE
	EndGlobalSection
EndGlobal
